// !$*UTF8*$!
{
	archiveVersion = 1;
	classes = {
	};
	objectVersion = 46;
	objects = {

/* Begin PBXBuildFile section */
		18420A4A1BEB1E3900FAC687 /* AppDelegate.swift in Sources */ = {isa = PBXBuildFile; fileRef = 18420A491BEB1E3900FAC687 /* AppDelegate.swift */; };
		18420A4C1BEB1E3900FAC687 /* ViewController.swift in Sources */ = {isa = PBXBuildFile; fileRef = 18420A4B1BEB1E3900FAC687 /* ViewController.swift */; };
		18420A4F1BEB1E3900FAC687 /* Main.storyboard in Resources */ = {isa = PBXBuildFile; fileRef = 18420A4D1BEB1E3900FAC687 /* Main.storyboard */; };
		18420A511BEB1E3900FAC687 /* Assets.xcassets in Resources */ = {isa = PBXBuildFile; fileRef = 18420A501BEB1E3900FAC687 /* Assets.xcassets */; };
		18420A541BEB1E3900FAC687 /* LaunchScreen.storyboard in Resources */ = {isa = PBXBuildFile; fileRef = 18420A521BEB1E3900FAC687 /* LaunchScreen.storyboard */; };
		18420A5E1BEB1E5300FAC687 /* board.png in Resources */ = {isa = PBXBuildFile; fileRef = 18420A5B1BEB1E5300FAC687 /* board.png */; settings = {ASSET_TAGS = (); }; };
		18420A5F1BEB1E5300FAC687 /* cross.png in Resources */ = {isa = PBXBuildFile; fileRef = 18420A5C1BEB1E5300FAC687 /* cross.png */; settings = {ASSET_TAGS = (); }; };
		18420A601BEB1E5300FAC687 /* nought.png in Resources */ = {isa = PBXBuildFile; fileRef = 18420A5D1BEB1E5300FAC687 /* nought.png */; settings = {ASSET_TAGS = (); }; };
/* End PBXBuildFile section */

/* Begin PBXFileReference section */
		18420A461BEB1E3900FAC687 /* Noughts And Crosses.app */ = {isa = PBXFileReference; explicitFileType = wrapper.application; includeInIndex = 0; path = "Noughts And Crosses.app"; sourceTree = BUILT_PRODUCTS_DIR; };
		18420A491BEB1E3900FAC687 /* AppDelegate.swift */ = {isa = PBXFileReference; lastKnownFileType = sourcecode.swift; path = AppDelegate.swift; sourceTree = "<group>"; };
		18420A4B1BEB1E3900FAC687 /* ViewController.swift */ = {isa = PBXFileReference; lastKnownFileType = sourcecode.swift; path = ViewController.swift; sourceTree = "<group>"; };
		18420A4E1BEB1E3900FAC687 /* Base */ = {isa = PBXFileReference; lastKnownFileType = file.storyboard; name = Base; path = Base.lproj/Main.storyboard; sourceTree = "<group>"; };
		18420A501BEB1E3900FAC687 /* Assets.xcassets */ = {isa = PBXFileReference; lastKnownFileType = folder.assetcatalog; path = Assets.xcassets; sourceTree = "<group>"; };
		18420A531BEB1E3900FAC687 /* Base */ = {isa = PBXFileReference; lastKnownFileType = file.storyboard; name = Base; path = Base.lproj/LaunchScreen.storyboard; sourceTree = "<group>"; };
		18420A551BEB1E3900FAC687 /* Info.plist */ = {isa = PBXFileReference; lastKnownFileType = text.plist.xml; path = Info.plist; sourceTree = "<group>"; };
		18420A5B1BEB1E5300FAC687 /* board.png */ = {isa = PBXFileReference; lastKnownFileType = image.png; path = board.png; sourceTree = "<group>"; };
		18420A5C1BEB1E5300FAC687 /* cross.png */ = {isa = PBXFileReference; lastKnownFileType = image.png; path = cross.png; sourceTree = "<group>"; };
		18420A5D1BEB1E5300FAC687 /* nought.png */ = {isa = PBXFileReference; lastKnownFileType = image.png; path = nought.png; sourceTree = "<group>"; };
/* End PBXFileReference section */

/* Begin PBXFrameworksBuildPhase section */
		18420A431BEB1E3900FAC687 /* Frameworks */ = {
			isa = PBXFrameworksBuildPhase;
			buildActionMask = 2147483647;
			files = (
			);
			runOnlyForDeploymentPostprocessing = 0;
		};
/* End PBXFrameworksBuildPhase section */

/* Begin PBXGroup section */
		18420A3D1BEB1E3900FAC687 = {
			isa = PBXGroup;
			children = (
				18420A481BEB1E3900FAC687 /* Noughts And Crosses */,
				18420A471BEB1E3900FAC687 /* Products */,
			);
			sourceTree = "<group>";
		};
		18420A471BEB1E3900FAC687 /* Products */ = {
			isa = PBXGroup;
			children = (
				18420A461BEB1E3900FAC687 /* Noughts And Crosses.app */,
			);
			name = Products;
			sourceTree = "<group>";
		};
		18420A481BEB1E3900FAC687 /* Noughts And Crosses */ = {
			isa = PBXGroup;
			children = (
				18420A491BEB1E3900FAC687 /* AppDelegate.swift */,
				18420A4B1BEB1E3900FAC687 /* ViewController.swift */,
				18420A4D1BEB1E3900FAC687 /* Main.storyboard */,
				18420A5B1BEB1E5300FAC687 /* board.png */,
				18420A5C1BEB1E5300FAC687 /* cross.png */,
				18420A5D1BEB1E5300FAC687 /* nought.png */,
				18420A501BEB1E3900FAC687 /* Assets.xcassets */,
				18420A521BEB1E3900FAC687 /* LaunchScreen.storyboard */,
				18420A551BEB1E3900FAC687 /* Info.plist */,
			);
			path = "Noughts And Crosses";
			sourceTree = "<group>";
		};
/* End PBXGroup section */

/* Begin PBXNativeTarget section */
		18420A451BEB1E3900FAC687 /* Noughts And Crosses */ = {
			isa = PBXNativeTarget;
			buildConfigurationList = 18420A581BEB1E3900FAC687 /* Build configuration list for PBXNativeTarget "Noughts And Crosses" */;
			buildPhases = (
				18420A421BEB1E3900FAC687 /* Sources */,
				18420A431BEB1E3900FAC687 /* Frameworks */,
				18420A441BEB1E3900FAC687 /* Resources */,
			);
			buildRules = (
			);
			dependencies = (
			);
			name = "Noughts And Crosses";
			productName = "Noughts And Crosses";
			productReference = 18420A461BEB1E3900FAC687 /* Noughts And Crosses.app */;
			productType = "com.apple.product-type.application";
		};
/* End PBXNativeTarget section */

/* Begin PBXProject section */
		18420A3E1BEB1E3900FAC687 /* Project object */ = {
			isa = PBXProject;
			attributes = {
				LastUpgradeCheck = 0700;
				ORGANIZATIONNAME = Pan;
				TargetAttributes = {
					18420A451BEB1E3900FAC687 = {
						CreatedOnToolsVersion = 7.0;
					};
				};
			};
			buildConfigurationList = 18420A411BEB1E3900FAC687 /* Build configuration list for PBXProject "Noughts And Crosses" */;
			compatibilityVersion = "Xcode 3.2";
			developmentRegion = English;
			hasScannedForEncodings = 0;
			knownRegions = (
				en,
				Base,
			);
			mainGroup = 18420A3D1BEB1E3900FAC687;
			productRefGroup = 18420A471BEB1E3900FAC687 /* Products */;
			projectDirPath = "";
			projectRoot = "";
			targets = (
				18420A451BEB1E3900FAC687 /* Noughts And Crosses */,
			);
		};
/* End PBXProject section */

/* Begin PBXResourcesBuildPhase section */
		18420A441BEB1E3900FAC687 /* Resources */ = {
			isa = PBXResourcesBuildPhase;
			buildActionMask = 2147483647;
			files = (
				18420A5F1BEB1E5300FAC687 /* cross.png in Resources */,
				18420A5E1BEB1E5300FAC687 /* board.png in Resources */,
				18420A601BEB1E5300FAC687 /* nought.png in Resources */,
				18420A541BEB1E3900FAC687 /* LaunchScreen.storyboard in Resources */,
				18420A511BEB1E3900FAC687 /* Assets.xcassets in Resources */,
				18420A4F1BEB1E3900FAC687 /* Main.storyboard in Resources */,
			);
			runOnlyForDeploymentPostprocessing = 0;
		};
/* End PBXResourcesBuildPhase section */

/* Begin PBXSourcesBuildPhase section */
		18420A421BEB1E3900FAC687 /* Sources */ = {
			isa = PBXSourcesBuildPhase;
			buildActionMask = 2147483647;
			files = (
				18420A4C1BEB1E3900FAC687 /* ViewController.swift in Sources */,
				18420A4A1BEB1E3900FAC687 /* AppDelegate.swift in Sources */,
			);
			runOnlyForDeploymentPostprocessing = 0;
		};
/* End PBXSourcesBuildPhase section */

/* Begin PBXVariantGroup section */
		18420A4D1BEB1E3900FAC687 /* Main.storyboard */ = {
			isa = PBXVariantGroup;
			children = (
				18420A4E1BEB1E3900FAC687 /* Base */,
			);
			name = Main.storyboard;
			sourceTree = "<group>";
		};
		18420A521BEB1E3900FAC687 /* LaunchScreen.storyboard */ = {
			isa = PBXVariantGroup;
			children = (
				18420A531BEB1E3900FAC687 /* Base */,
			);
			name = LaunchScreen.storyboard;
			sourceTree = "<group>";
		};
/* End PBXVariantGroup section */

/* Begin XCBuildConfiguration section */
		18420A561BEB1E3900FAC687 /* Debug */ = {
			isa = XCBuildConfiguration;
			buildSettings = {
				ALWAYS_SEARCH_USER_PATHS = NO;
				CLANG_CXX_LANGUAGE_STANDARD = "gnu++0x";
				CLANG_CXX_LIBRARY = "libc++";
				CLANG_ENABLE_MODULES = YES;
				CLANG_ENABLE_OBJC_ARC = YES;
				CLANG_WARN_BOOL_CONVERSION = YES;
				CLANG_WARN_CONSTANT_CONVERSION = YES;
				CLANG_WARN_DIRECT_OBJC_ISA_USAGE = YES_ERROR;
				CLANG_WARN_EMPTY_BODY = YES;
				CLANG_WARN_ENUM_CONVERSION = YES;
				CLANG_WARN_INT_CONVERSION = YES;
				CLANG_WARN_OBJC_ROOT_CLASS = YES_ERROR;
				CLANG_WARN_UNREACHABLE_CODE = YES;
				CLANG_WARN__DUPLICATE_METHOD_MATCH = YES;
				"CODE_SIGN_IDENTITY[sdk=iphoneos*]" = "iPhone Developer";
				COPY_PHASE_STRIP = NO;
				DEBUG_INFORMATION_FORMAT = dwarf;
				ENABLE_STRICT_OBJC_MSGSEND = YES;
				ENABLE_TESTABILITY = YES;
				GCC_C_LANGUAGE_STANDARD = gnu99;
				GCC_DYNAMIC_NO_PIC = NO;
				GCC_NO_COMMON_BLOCKS = YES;
				GCC_OPTIMIZATION_LEVEL = 0;
				GCC_PREPROCESSOR_DEFINITIONS = (
					"DEBUG=1",
					"$(inherited)",
				);
				GCC_WARN_64_TO_32_BIT_CONVERSION = YES;
				GCC_WARN_ABOUT_RETURN_TYPE = YES_ERROR;
				GCC_WARN_UNDECLARED_SELECTOR = YES;
				GCC_WARN_UNINITIALIZED_AUTOS = YES_AGGRESSIVE;
				GCC_WARN_UNUSED_FUNCTION = YES;
				GCC_WARN_UNUSED_VARIABLE = YES;
				IPHONEOS_DEPLOYMENT_TARGET = 9.0;
				MTL_ENABLE_DEBUG_INFO = YES;
				ONLY_ACTIVE_ARCH = YES;
				SDKROOT = iphoneos;
				SWIFT_OPTIMIZATION_LEVEL = "-Onone";
			};
			name = Debug;
		};
		18420A571BEB1E3900FAC687 /* Release */ = {
			isa = XCBuildConfiguration;
			buildSettings = {
				ALWAYS_SEARCH_USER_PATHS = NO;
				CLANG_CXX_LANGUAGE_STANDARD = "gnu++0x";
				CLANG_CXX_LIBRARY = "libc++";
				CLANG_ENABLE_MODULES = YES;
				CLANG_ENABLE_OBJC_ARC = YES;
				CLANG_WARN_BOOL_CONVERSION = YES;
				CLANG_WARN_CONSTANT_CONVERSION = YES;
				CLANG_WARN_DIRECT_OBJC_ISA_USAGE = YES_ERROR;
				CLANG_WARN_EMPTY_BODY = YES;
				CLANG_WARN_ENUM_CONVERSION = YES;
				CLANG_WARN_INT_CONVERSION = YES;
				CLANG_WARN_OBJC_ROOT_CLASS = YES_ERROR;
				CLANG_WARN_UNREACHABLE_CODE = YES;
				CLANG_WARN__DUPLICATE_METHOD_MATCH = YES;
				"CODE_SIGN_IDENTITY[sdk=iphoneos*]" = "iPhone Developer";
				COPY_PHASE_STRIP = NO;
				DEBUG_INFORMATION_FORMAT = "dwarf-with-dsym";
				ENABLE_NS_ASSERTIONS = NO;
				ENABLE_STRICT_OBJC_MSGSEND = YES;
				GCC_C_LANGUAGE_STANDARD = gnu99;
				GCC_NO_COMMON_BLOCKS = YES;
				GCC_WARN_64_TO_32_BIT_CONVERSION = YES;
				GCC_WARN_ABOUT_RETURN_TYPE = YES_ERROR;
				GCC_WARN_UNDECLARED_SELECTOR = YES;
				GCC_WARN_UNINITIALIZED_AUTOS = YES_AGGRESSIVE;
				GCC_WARN_UNUSED_FUNCTION = YES;
				GCC_WARN_UNUSED_VARIABLE = YES;
				IPHONEOS_DEPLOYMENT_TARGET = 9.0;
				MTL_ENABLE_DEBUG_INFO = NO;
				SDKROOT = iphoneos;
				VALIDATE_PRODUCT = YES;
			};
			name = Release;
		};
		18420A591BEB1E3900FAC687 /* Debug */ = {
			isa = XCBuildConfiguration;
			buildSettings = {
				ASSETCATALOG_COMPILER_APPICON_NAME = AppIcon;
				INFOPLIST_FILE = "Noughts And Crosses/Info.plist";
				LD_RUNPATH_SEARCH_PATHS = "$(inherited) @executable_path/Frameworks";
				PRODUCT_BUNDLE_IDENTIFIER = "Pan.Noughts-And-Crosses";
				PRODUCT_NAME = "$(TARGET_NAME)";
			};
			name = Debug;
		};
		18420A5A1BEB1E3900FAC687 /* Release */ = {
			isa = XCBuildConfiguration;
			buildSettings = {
				ASSETCATALOG_COMPILER_APPICON_NAME = AppIcon;
				INFOPLIST_FILE = "Noughts And Crosses/Info.plist";
				LD_RUNPATH_SEARCH_PATHS = "$(inherited) @executable_path/Frameworks";
				PRODUCT_BUNDLE_IDENTIFIER = "Pan.Noughts-And-Crosses";
				PRODUCT_NAME = "$(TARGET_NAME)";
			};
			name = Release;
		};
/* End XCBuildConfiguration section */

/* Begin XCConfigurationList section */
		18420A411BEB1E3900FAC687 /* Build configuration list for PBXProject "Noughts And Crosses" */ = {
			isa = XCConfigurationList;
			buildConfigurations = (
				18420A561BEB1E3900FAC687 /* Debug */,
				18420A571BEB1E3900FAC687 /* Release */,
			);
			defaultConfigurationIsVisible = 0;
			defaultConfigurationName = Release;
		};
		18420A581BEB1E3900FAC687 /* Build configuration list for PBXNativeTarget "Noughts And Crosses" */ = {
			isa = XCConfigurationList;
			buildConfigurations = (
				18420A591BEB1E3900FAC687 /* Debug */,
				18420A5A1BEB1E3900FAC687 /* Release */,
			);
			defaultConfigurationIsVisible = 0;
		};
/* End XCConfigurationList section */
	};
	rootObject = 18420A3E1BEB1E3900FAC687 /* Project object */;
}
