// !$*UTF8*$!
{
	archiveVersion = 1;
	classes = {
	};
	objectVersion = 46;
	objects = {

/* Begin PBXBuildFile section */
		18CCF27E1C2EF6D500D62383 /* AppDelegate.swift in Sources */ = {isa = PBXBuildFile; fileRef = 18CCF27D1C2EF6D500D62383 /* AppDelegate.swift */; };
		18CCF2801C2EF6D500D62383 /* ViewController.swift in Sources */ = {isa = PBXBuildFile; fileRef = 18CCF27F1C2EF6D500D62383 /* ViewController.swift */; };
		18CCF2831C2EF6D500D62383 /* Main.storyboard in Resources */ = {isa = PBXBuildFile; fileRef = 18CCF2811C2EF6D500D62383 /* Main.storyboard */; };
		18CCF2851C2EF6D500D62383 /* Assets.xcassets in Resources */ = {isa = PBXBuildFile; fileRef = 18CCF2841C2EF6D500D62383 /* Assets.xcassets */; };
		18CCF2881C2EF6D500D62383 /* LaunchScreen.storyboard in Resources */ = {isa = PBXBuildFile; fileRef = 18CCF2861C2EF6D500D62383 /* LaunchScreen.storyboard */; };
/* End PBXBuildFile section */

/* Begin PBXFileReference section */
		18CCF27A1C2EF6D500D62383 /* JSON Example.app */ = {isa = PBXFileReference; explicitFileType = wrapper.application; includeInIndex = 0; path = "JSON Example.app"; sourceTree = BUILT_PRODUCTS_DIR; };
		18CCF27D1C2EF6D500D62383 /* AppDelegate.swift */ = {isa = PBXFileReference; lastKnownFileType = sourcecode.swift; path = AppDelegate.swift; sourceTree = "<group>"; };
		18CCF27F1C2EF6D500D62383 /* ViewController.swift */ = {isa = PBXFileReference; lastKnownFileType = sourcecode.swift; path = ViewController.swift; sourceTree = "<group>"; };
		18CCF2821C2EF6D500D62383 /* Base */ = {isa = PBXFileReference; lastKnownFileType = file.storyboard; name = Base; path = Base.lproj/Main.storyboard; sourceTree = "<group>"; };
		18CCF2841C2EF6D500D62383 /* Assets.xcassets */ = {isa = PBXFileReference; lastKnownFileType = folder.assetcatalog; path = Assets.xcassets; sourceTree = "<group>"; };
		18CCF2871C2EF6D500D62383 /* Base */ = {isa = PBXFileReference; lastKnownFileType = file.storyboard; name = Base; path = Base.lproj/LaunchScreen.storyboard; sourceTree = "<group>"; };
		18CCF2891C2EF6D500D62383 /* Info.plist */ = {isa = PBXFileReference; lastKnownFileType = text.plist.xml; path = Info.plist; sourceTree = "<group>"; };
/* End PBXFileReference section */

/* Begin PBXFrameworksBuildPhase section */
		18CCF2771C2EF6D500D62383 /* Frameworks */ = {
			isa = PBXFrameworksBuildPhase;
			buildActionMask = 2147483647;
			files = (
			);
			runOnlyForDeploymentPostprocessing = 0;
		};
/* End PBXFrameworksBuildPhase section */

/* Begin PBXGroup section */
		18CCF2711C2EF6D500D62383 = {
			isa = PBXGroup;
			children = (
				18CCF27C1C2EF6D500D62383 /* JSON Example */,
				18CCF27B1C2EF6D500D62383 /* Products */,
			);
			sourceTree = "<group>";
		};
		18CCF27B1C2EF6D500D62383 /* Products */ = {
			isa = PBXGroup;
			children = (
				18CCF27A1C2EF6D500D62383 /* JSON Example.app */,
			);
			name = Products;
			sourceTree = "<group>";
		};
		18CCF27C1C2EF6D500D62383 /* JSON Example */ = {
			isa = PBXGroup;
			children = (
				18CCF27D1C2EF6D500D62383 /* AppDelegate.swift */,
				18CCF27F1C2EF6D500D62383 /* ViewController.swift */,
				18CCF2811C2EF6D500D62383 /* Main.storyboard */,
				18CCF2841C2EF6D500D62383 /* Assets.xcassets */,
				18CCF2861C2EF6D500D62383 /* LaunchScreen.storyboard */,
				18CCF2891C2EF6D500D62383 /* Info.plist */,
			);
			path = "JSON Example";
			sourceTree = "<group>";
		};
/* End PBXGroup section */

/* Begin PBXNativeTarget section */
		18CCF2791C2EF6D500D62383 /* JSON Example */ = {
			isa = PBXNativeTarget;
			buildConfigurationList = 18CCF28C1C2EF6D500D62383 /* Build configuration list for PBXNativeTarget "JSON Example" */;
			buildPhases = (
				18CCF2761C2EF6D500D62383 /* Sources */,
				18CCF2771C2EF6D500D62383 /* Frameworks */,
				18CCF2781C2EF6D500D62383 /* Resources */,
			);
			buildRules = (
			);
			dependencies = (
			);
			name = "JSON Example";
			productName = "JSON Example";
			productReference = 18CCF27A1C2EF6D500D62383 /* JSON Example.app */;
			productType = "com.apple.product-type.application";
		};
/* End PBXNativeTarget section */

/* Begin PBXProject section */
		18CCF2721C2EF6D500D62383 /* Project object */ = {
			isa = PBXProject;
			attributes = {
				LastUpgradeCheck = 0700;
				ORGANIZATIONNAME = Pan;
				TargetAttributes = {
					18CCF2791C2EF6D500D62383 = {
						CreatedOnToolsVersion = 7.0;
					};
				};
			};
			buildConfigurationList = 18CCF2751C2EF6D500D62383 /* Build configuration list for PBXProject "JSON Example" */;
			compatibilityVersion = "Xcode 3.2";
			developmentRegion = English;
			hasScannedForEncodings = 0;
			knownRegions = (
				en,
				Base,
			);
			mainGroup = 18CCF2711C2EF6D500D62383;
			productRefGroup = 18CCF27B1C2EF6D500D62383 /* Products */;
			projectDirPath = "";
			projectRoot = "";
			targets = (
				18CCF2791C2EF6D500D62383 /* JSON Example */,
			);
		};
/* End PBXProject section */

/* Begin PBXResourcesBuildPhase section */
		18CCF2781C2EF6D500D62383 /* Resources */ = {
			isa = PBXResourcesBuildPhase;
			buildActionMask = 2147483647;
			files = (
				18CCF2881C2EF6D500D62383 /* LaunchScreen.storyboard in Resources */,
				18CCF2851C2EF6D500D62383 /* Assets.xcassets in Resources */,
				18CCF2831C2EF6D500D62383 /* Main.storyboard in Resources */,
			);
			runOnlyForDeploymentPostprocessing = 0;
		};
/* End PBXResourcesBuildPhase section */

/* Begin PBXSourcesBuildPhase section */
		18CCF2761C2EF6D500D62383 /* Sources */ = {
			isa = PBXSourcesBuildPhase;
			buildActionMask = 2147483647;
			files = (
				18CCF2801C2EF6D500D62383 /* ViewController.swift in Sources */,
				18CCF27E1C2EF6D500D62383 /* AppDelegate.swift in Sources */,
			);
			runOnlyForDeploymentPostprocessing = 0;
		};
/* End PBXSourcesBuildPhase section */

/* Begin PBXVariantGroup section */
		18CCF2811C2EF6D500D62383 /* Main.storyboard */ = {
			isa = PBXVariantGroup;
			children = (
				18CCF2821C2EF6D500D62383 /* Base */,
			);
			name = Main.storyboard;
			sourceTree = "<group>";
		};
		18CCF2861C2EF6D500D62383 /* LaunchScreen.storyboard */ = {
			isa = PBXVariantGroup;
			children = (
				18CCF2871C2EF6D500D62383 /* Base */,
			);
			name = LaunchScreen.storyboard;
			sourceTree = "<group>";
		};
/* End PBXVariantGroup section */

/* Begin XCBuildConfiguration section */
		18CCF28A1C2EF6D500D62383 /* Debug */ = {
			isa = XCBuildConfiguration;
			buildSettings = {
				ALWAYS_SEARCH_USER_PATHS = NO;
				CLANG_CXX_LANGUAGE_STANDARD = "gnu++0x";
				CLANG_CXX_LIBRARY = "libc++";
				CLANG_ENABLE_MODULES = YES;
				CLANG_ENABLE_OBJC_ARC = YES;
				CLANG_WARN_BOOL_CONVERSION = YES;
				CLANG_WARN_CONSTANT_CONVERSION = YES;
				CLANG_WARN_DIRECT_OBJC_ISA_USAGE = YES_ERROR;
				CLANG_WARN_EMPTY_BODY = YES;
				CLANG_WARN_ENUM_CONVERSION = YES;
				CLANG_WARN_INT_CONVERSION = YES;
				CLANG_WARN_OBJC_ROOT_CLASS = YES_ERROR;
				CLANG_WARN_UNREACHABLE_CODE = YES;
				CLANG_WARN__DUPLICATE_METHOD_MATCH = YES;
				"CODE_SIGN_IDENTITY[sdk=iphoneos*]" = "iPhone Developer";
				COPY_PHASE_STRIP = NO;
				DEBUG_INFORMATION_FORMAT = dwarf;
				ENABLE_STRICT_OBJC_MSGSEND = YES;
				ENABLE_TESTABILITY = YES;
				GCC_C_LANGUAGE_STANDARD = gnu99;
				GCC_DYNAMIC_NO_PIC = NO;
				GCC_NO_COMMON_BLOCKS = YES;
				GCC_OPTIMIZATION_LEVEL = 0;
				GCC_PREPROCESSOR_DEFINITIONS = (
					"DEBUG=1",
					"$(inherited)",
				);
				GCC_WARN_64_TO_32_BIT_CONVERSION = YES;
				GCC_WARN_ABOUT_RETURN_TYPE = YES_ERROR;
				GCC_WARN_UNDECLARED_SELECTOR = YES;
				GCC_WARN_UNINITIALIZED_AUTOS = YES_AGGRESSIVE;
				GCC_WARN_UNUSED_FUNCTION = YES;
				GCC_WARN_UNUSED_VARIABLE = YES;
				IPHONEOS_DEPLOYMENT_TARGET = 9.0;
				MTL_ENABLE_DEBUG_INFO = YES;
				ONLY_ACTIVE_ARCH = YES;
				SDKROOT = iphoneos;
				SWIFT_OPTIMIZATION_LEVEL = "-Onone";
				TARGETED_DEVICE_FAMILY = "1,2";
			};
			name = Debug;
		};
		18CCF28B1C2EF6D500D62383 /* Release */ = {
			isa = XCBuildConfiguration;
			buildSettings = {
				ALWAYS_SEARCH_USER_PATHS = NO;
				CLANG_CXX_LANGUAGE_STANDARD = "gnu++0x";
				CLANG_CXX_LIBRARY = "libc++";
				CLANG_ENABLE_MODULES = YES;
				CLANG_ENABLE_OBJC_ARC = YES;
				CLANG_WARN_BOOL_CONVERSION = YES;
				CLANG_WARN_CONSTANT_CONVERSION = YES;
				CLANG_WARN_DIRECT_OBJC_ISA_USAGE = YES_ERROR;
				CLANG_WARN_EMPTY_BODY = YES;
				CLANG_WARN_ENUM_CONVERSION = YES;
				CLANG_WARN_INT_CONVERSION = YES;
				CLANG_WARN_OBJC_ROOT_CLASS = YES_ERROR;
				CLANG_WARN_UNREACHABLE_CODE = YES;
				CLANG_WARN__DUPLICATE_METHOD_MATCH = YES;
				"CODE_SIGN_IDENTITY[sdk=iphoneos*]" = "iPhone Developer";
				COPY_PHASE_STRIP = NO;
				DEBUG_INFORMATION_FORMAT = "dwarf-with-dsym";
				ENABLE_NS_ASSERTIONS = NO;
				ENABLE_STRICT_OBJC_MSGSEND = YES;
				GCC_C_LANGUAGE_STANDARD = gnu99;
				GCC_NO_COMMON_BLOCKS = YES;
				GCC_WARN_64_TO_32_BIT_CONVERSION = YES;
				GCC_WARN_ABOUT_RETURN_TYPE = YES_ERROR;
				GCC_WARN_UNDECLARED_SELECTOR = YES;
				GCC_WARN_UNINITIALIZED_AUTOS = YES_AGGRESSIVE;
				GCC_WARN_UNUSED_FUNCTION = YES;
				GCC_WARN_UNUSED_VARIABLE = YES;
				IPHONEOS_DEPLOYMENT_TARGET = 9.0;
				MTL_ENABLE_DEBUG_INFO = NO;
				SDKROOT = iphoneos;
				TARGETED_DEVICE_FAMILY = "1,2";
				VALIDATE_PRODUCT = YES;
			};
			name = Release;
		};
		18CCF28D1C2EF6D500D62383 /* Debug */ = {
			isa = XCBuildConfiguration;
			buildSettings = {
				ASSETCATALOG_COMPILER_APPICON_NAME = AppIcon;
				INFOPLIST_FILE = "JSON Example/Info.plist";
				LD_RUNPATH_SEARCH_PATHS = "$(inherited) @executable_path/Frameworks";
				PRODUCT_BUNDLE_IDENTIFIER = "Pan.JSON-Example";
				PRODUCT_NAME = "$(TARGET_NAME)";
			};
			name = Debug;
		};
		18CCF28E1C2EF6D500D62383 /* Release */ = {
			isa = XCBuildConfiguration;
			buildSettings = {
				ASSETCATALOG_COMPILER_APPICON_NAME = AppIcon;
				INFOPLIST_FILE = "JSON Example/Info.plist";
				LD_RUNPATH_SEARCH_PATHS = "$(inherited) @executable_path/Frameworks";
				PRODUCT_BUNDLE_IDENTIFIER = "Pan.JSON-Example";
				PRODUCT_NAME = "$(TARGET_NAME)";
			};
			name = Release;
		};
/* End XCBuildConfiguration section */

/* Begin XCConfigurationList section */
		18CCF2751C2EF6D500D62383 /* Build configuration list for PBXProject "JSON Example" */ = {
			isa = XCConfigurationList;
			buildConfigurations = (
				18CCF28A1C2EF6D500D62383 /* Debug */,
				18CCF28B1C2EF6D500D62383 /* Release */,
			);
			defaultConfigurationIsVisible = 0;
			defaultConfigurationName = Release;
		};
		18CCF28C1C2EF6D500D62383 /* Build configuration list for PBXNativeTarget "JSON Example" */ = {
			isa = XCConfigurationList;
			buildConfigurations = (
				18CCF28D1C2EF6D500D62383 /* Debug */,
				18CCF28E1C2EF6D500D62383 /* Release */,
			);
			defaultConfigurationIsVisible = 0;
		};
/* End XCConfigurationList section */
	};
	rootObject = 18CCF2721C2EF6D500D62383 /* Project object */;
}
