// !$*UTF8*$!
{
	archiveVersion = 1;
	classes = {
	};
	objectVersion = 46;
	objects = {

/* Begin PBXBuildFile section */
		18420A6E1BEB33C400FAC687 /* AppDelegate.swift in Sources */ = {isa = PBXBuildFile; fileRef = 18420A6D1BEB33C400FAC687 /* AppDelegate.swift */; };
		18420A701BEB33C400FAC687 /* ViewController.swift in Sources */ = {isa = PBXBuildFile; fileRef = 18420A6F1BEB33C400FAC687 /* ViewController.swift */; };
		18420A731BEB33C400FAC687 /* Main.storyboard in Resources */ = {isa = PBXBuildFile; fileRef = 18420A711BEB33C400FAC687 /* Main.storyboard */; };
		18420A751BEB33C400FAC687 /* Assets.xcassets in Resources */ = {isa = PBXBuildFile; fileRef = 18420A741BEB33C400FAC687 /* Assets.xcassets */; };
		18420A781BEB33C400FAC687 /* LaunchScreen.storyboard in Resources */ = {isa = PBXBuildFile; fileRef = 18420A761BEB33C400FAC687 /* LaunchScreen.storyboard */; };
		18420A801BEC854500FAC687 /* CoreLocation.framework in Frameworks */ = {isa = PBXBuildFile; fileRef = 18420A7F1BEC854500FAC687 /* CoreLocation.framework */; };
/* End PBXBuildFile section */

/* Begin PBXFileReference section */
		18420A6A1BEB33C400FAC687 /* Map Demo.app */ = {isa = PBXFileReference; explicitFileType = wrapper.application; includeInIndex = 0; path = "Map Demo.app"; sourceTree = BUILT_PRODUCTS_DIR; };
		18420A6D1BEB33C400FAC687 /* AppDelegate.swift */ = {isa = PBXFileReference; lastKnownFileType = sourcecode.swift; path = AppDelegate.swift; sourceTree = "<group>"; };
		18420A6F1BEB33C400FAC687 /* ViewController.swift */ = {isa = PBXFileReference; lastKnownFileType = sourcecode.swift; path = ViewController.swift; sourceTree = "<group>"; };
		18420A721BEB33C400FAC687 /* Base */ = {isa = PBXFileReference; lastKnownFileType = file.storyboard; name = Base; path = Base.lproj/Main.storyboard; sourceTree = "<group>"; };
		18420A741BEB33C400FAC687 /* Assets.xcassets */ = {isa = PBXFileReference; lastKnownFileType = folder.assetcatalog; path = Assets.xcassets; sourceTree = "<group>"; };
		18420A771BEB33C400FAC687 /* Base */ = {isa = PBXFileReference; lastKnownFileType = file.storyboard; name = Base; path = Base.lproj/LaunchScreen.storyboard; sourceTree = "<group>"; };
		18420A791BEB33C400FAC687 /* Info.plist */ = {isa = PBXFileReference; lastKnownFileType = text.plist.xml; path = Info.plist; sourceTree = "<group>"; };
		18420A7F1BEC854500FAC687 /* CoreLocation.framework */ = {isa = PBXFileReference; lastKnownFileType = wrapper.framework; name = CoreLocation.framework; path = System/Library/Frameworks/CoreLocation.framework; sourceTree = SDKROOT; };
/* End PBXFileReference section */

/* Begin PBXFrameworksBuildPhase section */
		18420A671BEB33C400FAC687 /* Frameworks */ = {
			isa = PBXFrameworksBuildPhase;
			buildActionMask = 2147483647;
			files = (
				18420A801BEC854500FAC687 /* CoreLocation.framework in Frameworks */,
			);
			runOnlyForDeploymentPostprocessing = 0;
		};
/* End PBXFrameworksBuildPhase section */

/* Begin PBXGroup section */
		18420A611BEB33C400FAC687 = {
			isa = PBXGroup;
			children = (
				18420A7F1BEC854500FAC687 /* CoreLocation.framework */,
				18420A6C1BEB33C400FAC687 /* Map Demo */,
				18420A6B1BEB33C400FAC687 /* Products */,
			);
			sourceTree = "<group>";
		};
		18420A6B1BEB33C400FAC687 /* Products */ = {
			isa = PBXGroup;
			children = (
				18420A6A1BEB33C400FAC687 /* Map Demo.app */,
			);
			name = Products;
			sourceTree = "<group>";
		};
		18420A6C1BEB33C400FAC687 /* Map Demo */ = {
			isa = PBXGroup;
			children = (
				18420A6D1BEB33C400FAC687 /* AppDelegate.swift */,
				18420A6F1BEB33C400FAC687 /* ViewController.swift */,
				18420A711BEB33C400FAC687 /* Main.storyboard */,
				18420A741BEB33C400FAC687 /* Assets.xcassets */,
				18420A761BEB33C400FAC687 /* LaunchScreen.storyboard */,
				18420A791BEB33C400FAC687 /* Info.plist */,
			);
			path = "Map Demo";
			sourceTree = "<group>";
		};
/* End PBXGroup section */

/* Begin PBXNativeTarget section */
		18420A691BEB33C400FAC687 /* Map Demo */ = {
			isa = PBXNativeTarget;
			buildConfigurationList = 18420A7C1BEB33C400FAC687 /* Build configuration list for PBXNativeTarget "Map Demo" */;
			buildPhases = (
				18420A661BEB33C400FAC687 /* Sources */,
				18420A671BEB33C400FAC687 /* Frameworks */,
				18420A681BEB33C400FAC687 /* Resources */,
			);
			buildRules = (
			);
			dependencies = (
			);
			name = "Map Demo";
			productName = "Map Demo";
			productReference = 18420A6A1BEB33C400FAC687 /* Map Demo.app */;
			productType = "com.apple.product-type.application";
		};
/* End PBXNativeTarget section */

/* Begin PBXProject section */
		18420A621BEB33C400FAC687 /* Project object */ = {
			isa = PBXProject;
			attributes = {
				LastUpgradeCheck = 0700;
				ORGANIZATIONNAME = Pan;
				TargetAttributes = {
					18420A691BEB33C400FAC687 = {
						CreatedOnToolsVersion = 7.0;
					};
				};
			};
			buildConfigurationList = 18420A651BEB33C400FAC687 /* Build configuration list for PBXProject "Map Demo" */;
			compatibilityVersion = "Xcode 3.2";
			developmentRegion = English;
			hasScannedForEncodings = 0;
			knownRegions = (
				en,
				Base,
			);
			mainGroup = 18420A611BEB33C400FAC687;
			productRefGroup = 18420A6B1BEB33C400FAC687 /* Products */;
			projectDirPath = "";
			projectRoot = "";
			targets = (
				18420A691BEB33C400FAC687 /* Map Demo */,
			);
		};
/* End PBXProject section */

/* Begin PBXResourcesBuildPhase section */
		18420A681BEB33C400FAC687 /* Resources */ = {
			isa = PBXResourcesBuildPhase;
			buildActionMask = 2147483647;
			files = (
				18420A781BEB33C400FAC687 /* LaunchScreen.storyboard in Resources */,
				18420A751BEB33C400FAC687 /* Assets.xcassets in Resources */,
				18420A731BEB33C400FAC687 /* Main.storyboard in Resources */,
			);
			runOnlyForDeploymentPostprocessing = 0;
		};
/* End PBXResourcesBuildPhase section */

/* Begin PBXSourcesBuildPhase section */
		18420A661BEB33C400FAC687 /* Sources */ = {
			isa = PBXSourcesBuildPhase;
			buildActionMask = 2147483647;
			files = (
				18420A701BEB33C400FAC687 /* ViewController.swift in Sources */,
				18420A6E1BEB33C400FAC687 /* AppDelegate.swift in Sources */,
			);
			runOnlyForDeploymentPostprocessing = 0;
		};
/* End PBXSourcesBuildPhase section */

/* Begin PBXVariantGroup section */
		18420A711BEB33C400FAC687 /* Main.storyboard */ = {
			isa = PBXVariantGroup;
			children = (
				18420A721BEB33C400FAC687 /* Base */,
			);
			name = Main.storyboard;
			sourceTree = "<group>";
		};
		18420A761BEB33C400FAC687 /* LaunchScreen.storyboard */ = {
			isa = PBXVariantGroup;
			children = (
				18420A771BEB33C400FAC687 /* Base */,
			);
			name = LaunchScreen.storyboard;
			sourceTree = "<group>";
		};
/* End PBXVariantGroup section */

/* Begin XCBuildConfiguration section */
		18420A7A1BEB33C400FAC687 /* Debug */ = {
			isa = XCBuildConfiguration;
			buildSettings = {
				ALWAYS_SEARCH_USER_PATHS = NO;
				CLANG_CXX_LANGUAGE_STANDARD = "gnu++0x";
				CLANG_CXX_LIBRARY = "libc++";
				CLANG_ENABLE_MODULES = YES;
				CLANG_ENABLE_OBJC_ARC = YES;
				CLANG_WARN_BOOL_CONVERSION = YES;
				CLANG_WARN_CONSTANT_CONVERSION = YES;
				CLANG_WARN_DIRECT_OBJC_ISA_USAGE = YES_ERROR;
				CLANG_WARN_EMPTY_BODY = YES;
				CLANG_WARN_ENUM_CONVERSION = YES;
				CLANG_WARN_INT_CONVERSION = YES;
				CLANG_WARN_OBJC_ROOT_CLASS = YES_ERROR;
				CLANG_WARN_UNREACHABLE_CODE = YES;
				CLANG_WARN__DUPLICATE_METHOD_MATCH = YES;
				"CODE_SIGN_IDENTITY[sdk=iphoneos*]" = "iPhone Developer";
				COPY_PHASE_STRIP = NO;
				DEBUG_INFORMATION_FORMAT = dwarf;
				ENABLE_STRICT_OBJC_MSGSEND = YES;
				ENABLE_TESTABILITY = YES;
				GCC_C_LANGUAGE_STANDARD = gnu99;
				GCC_DYNAMIC_NO_PIC = NO;
				GCC_NO_COMMON_BLOCKS = YES;
				GCC_OPTIMIZATION_LEVEL = 0;
				GCC_PREPROCESSOR_DEFINITIONS = (
					"DEBUG=1",
					"$(inherited)",
				);
				GCC_WARN_64_TO_32_BIT_CONVERSION = YES;
				GCC_WARN_ABOUT_RETURN_TYPE = YES_ERROR;
				GCC_WARN_UNDECLARED_SELECTOR = YES;
				GCC_WARN_UNINITIALIZED_AUTOS = YES_AGGRESSIVE;
				GCC_WARN_UNUSED_FUNCTION = YES;
				GCC_WARN_UNUSED_VARIABLE = YES;
				IPHONEOS_DEPLOYMENT_TARGET = 9.0;
				MTL_ENABLE_DEBUG_INFO = YES;
				ONLY_ACTIVE_ARCH = YES;
				SDKROOT = iphoneos;
				SWIFT_OPTIMIZATION_LEVEL = "-Onone";
			};
			name = Debug;
		};
		18420A7B1BEB33C400FAC687 /* Release */ = {
			isa = XCBuildConfiguration;
			buildSettings = {
				ALWAYS_SEARCH_USER_PATHS = NO;
				CLANG_CXX_LANGUAGE_STANDARD = "gnu++0x";
				CLANG_CXX_LIBRARY = "libc++";
				CLANG_ENABLE_MODULES = YES;
				CLANG_ENABLE_OBJC_ARC = YES;
				CLANG_WARN_BOOL_CONVERSION = YES;
				CLANG_WARN_CONSTANT_CONVERSION = YES;
				CLANG_WARN_DIRECT_OBJC_ISA_USAGE = YES_ERROR;
				CLANG_WARN_EMPTY_BODY = YES;
				CLANG_WARN_ENUM_CONVERSION = YES;
				CLANG_WARN_INT_CONVERSION = YES;
				CLANG_WARN_OBJC_ROOT_CLASS = YES_ERROR;
				CLANG_WARN_UNREACHABLE_CODE = YES;
				CLANG_WARN__DUPLICATE_METHOD_MATCH = YES;
				"CODE_SIGN_IDENTITY[sdk=iphoneos*]" = "iPhone Developer";
				COPY_PHASE_STRIP = NO;
				DEBUG_INFORMATION_FORMAT = "dwarf-with-dsym";
				ENABLE_NS_ASSERTIONS = NO;
				ENABLE_STRICT_OBJC_MSGSEND = YES;
				GCC_C_LANGUAGE_STANDARD = gnu99;
				GCC_NO_COMMON_BLOCKS = YES;
				GCC_WARN_64_TO_32_BIT_CONVERSION = YES;
				GCC_WARN_ABOUT_RETURN_TYPE = YES_ERROR;
				GCC_WARN_UNDECLARED_SELECTOR = YES;
				GCC_WARN_UNINITIALIZED_AUTOS = YES_AGGRESSIVE;
				GCC_WARN_UNUSED_FUNCTION = YES;
				GCC_WARN_UNUSED_VARIABLE = YES;
				IPHONEOS_DEPLOYMENT_TARGET = 9.0;
				MTL_ENABLE_DEBUG_INFO = NO;
				SDKROOT = iphoneos;
				VALIDATE_PRODUCT = YES;
			};
			name = Release;
		};
		18420A7D1BEB33C400FAC687 /* Debug */ = {
			isa = XCBuildConfiguration;
			buildSettings = {
				ASSETCATALOG_COMPILER_APPICON_NAME = AppIcon;
				INFOPLIST_FILE = "Map Demo/Info.plist";
				LD_RUNPATH_SEARCH_PATHS = "$(inherited) @executable_path/Frameworks";
				PRODUCT_BUNDLE_IDENTIFIER = "Pan.Map-Demo";
				PRODUCT_NAME = "$(TARGET_NAME)";
			};
			name = Debug;
		};
		18420A7E1BEB33C400FAC687 /* Release */ = {
			isa = XCBuildConfiguration;
			buildSettings = {
				ASSETCATALOG_COMPILER_APPICON_NAME = AppIcon;
				INFOPLIST_FILE = "Map Demo/Info.plist";
				LD_RUNPATH_SEARCH_PATHS = "$(inherited) @executable_path/Frameworks";
				PRODUCT_BUNDLE_IDENTIFIER = "Pan.Map-Demo";
				PRODUCT_NAME = "$(TARGET_NAME)";
			};
			name = Release;
		};
/* End XCBuildConfiguration section */

/* Begin XCConfigurationList section */
		18420A651BEB33C400FAC687 /* Build configuration list for PBXProject "Map Demo" */ = {
			isa = XCConfigurationList;
			buildConfigurations = (
				18420A7A1BEB33C400FAC687 /* Debug */,
				18420A7B1BEB33C400FAC687 /* Release */,
			);
			defaultConfigurationIsVisible = 0;
			defaultConfigurationName = Release;
		};
		18420A7C1BEB33C400FAC687 /* Build configuration list for PBXNativeTarget "Map Demo" */ = {
			isa = XCConfigurationList;
			buildConfigurations = (
				18420A7D1BEB33C400FAC687 /* Debug */,
				18420A7E1BEB33C400FAC687 /* Release */,
			);
			defaultConfigurationIsVisible = 0;
			defaultConfigurationName = Release;
		};
/* End XCConfigurationList section */
	};
	rootObject = 18420A621BEB33C400FAC687 /* Project object */;
}
